
Microsoft Visual Studio Solution File, Format Version 12.00
# Visual Studio Version 17
VisualStudioVersion = 17.7.34024.191
MinimumVisualStudioVersion = 10.0.40219.1
Project("{9A19103F-16F7-4668-BE54-9A1E7A4F7556}") = "EditorHtml", "EditorHtml\EditorHtml.csproj", "{B962AD4B-EC39-4358-ACCB-AC57B007C937}"
EndProject
Project("{FAE04EC0-301F-11D3-BF4B-00C04F79EFBC}") = "Menu", "Menu\Menu.csproj", "{897D6AAB-9F30-4CD9-84D1-02D412AB4FB5}"
EndProject
Project("{9A19103F-16F7-4668-BE54-9A1E7A4F7556}") = "TextEditor", "TextEditor\TextEditor.csproj", "{089B054F-D725-4269-8F6D-6A443E8DB96B}"
EndProject
Global
	GlobalSection(SolutionConfigurationPlatforms) = preSolution
		Debug|Any CPU = Debug|Any CPU
		Release|Any CPU = Release|Any CPU
	EndGlobalSection
	GlobalSection(ProjectConfigurationPlatforms) = postSolution
		{B962AD4B-EC39-4358-ACCB-AC57B007C937}.Debug|Any CPU.ActiveCfg = Debug|Any CPU
		{B962AD4B-EC39-4358-ACCB-AC57B007C937}.Debug|Any CPU.Build.0 = Debug|Any CPU
		{B962AD4B-EC39-4358-ACCB-AC57B007C937}.Release|Any CPU.ActiveCfg = Release|Any CPU
		{B962AD4B-EC39-4358-ACCB-AC57B007C937}.Release|Any CPU.Build.0 = Release|Any CPU
		{897D6AAB-9F30-4CD9-84D1-02D412AB4FB5}.Debug|Any CPU.ActiveCfg = Debug|Any CPU
		{897D6AAB-9F30-4CD9-84D1-02D412AB4FB5}.Debug|Any CPU.Build.0 = Debug|Any CPU
		{897D6AAB-9F30-4CD9-84D1-02D412AB4FB5}.Release|Any CPU.ActiveCfg = Release|Any CPU
		{897D6AAB-9F30-4CD9-84D1-02D412AB4FB5}.Release|Any CPU.Build.0 = Release|Any CPU
		{089B054F-D725-4269-8F6D-6A443E8DB96B}.Debug|Any CPU.ActiveCfg = Debug|Any CPU
		{089B054F-D725-4269-8F6D-6A443E8DB96B}.Debug|Any CPU.Build.0 = Debug|Any CPU
		{089B054F-D725-4269-8F6D-6A443E8DB96B}.Release|Any CPU.ActiveCfg = Release|Any CPU
		{089B054F-D725-4269-8F6D-6A443E8DB96B}.Release|Any CPU.Build.0 = Release|Any CPU
	EndGlobalSection
	GlobalSection(SolutionProperties) = preSolution
		HideSolutionNode = FALSE
	EndGlobalSection
	GlobalSection(ExtensibilityGlobals) = postSolution
		SolutionGuid = {9677A092-C29A-4026-A58C-99BCBB4F7593}
	EndGlobalSection
EndGlobal
